
Microsoft Visual Studio Solution File, Format Version 12.00
# Visual Studio 15
VisualStudioVersion = 15.0.26124.0
MinimumVisualStudioVersion = 15.0.26124.0
Project("{FAE04EC0-301F-11D3-BF4B-00C04F79EFBC}") = "Hex", "Hex\Hex.csproj", "{9064B33F-08AD-4675-BB77-4C63E9B5248D}"
EndProject
Project("{FAE04EC0-301F-11D3-BF4B-00C04F79EFBC}") = "Forms", "Forms\Forms.csproj", "{EC8CABD0-106D-4195-9BE2-69D615DCB861}"
EndProject
Project("{FAE04EC0-301F-11D3-BF4B-00C04F79EFBC}") = "GeonBit.UI", "GeonBit.UI\GeonBit.UI.csproj", "{18124BA8-81AD-4F05-AC5C-A59ABAFE387C}"
EndProject
Project("{FAE04EC0-301F-11D3-BF4B-00C04F79EFBC}") = "MonoGui", "MonoGui\MonoGui.csproj", "{8E292D76-7EBB-471B-BFCA-693CF54F5242}"
EndProject
Project("{FAE04EC0-301F-11D3-BF4B-00C04F79EFBC}") = "Extended", "Extended\Extended.csproj", "{91DEB979-134B-486A-BA57-A269BBB99EDB}"
EndProject
Global
	GlobalSection(SolutionConfigurationPlatforms) = preSolution
		Debug|Any CPU = Debug|Any CPU
		Debug|x64 = Debug|x64
		Debug|x86 = Debug|x86
		Release|Any CPU = Release|Any CPU
		Release|x64 = Release|x64
		Release|x86 = Release|x86
	EndGlobalSection
	GlobalSection(SolutionProperties) = preSolution
		HideSolutionNode = FALSE
	EndGlobalSection
	GlobalSection(ProjectConfigurationPlatforms) = postSolution
		{9064B33F-08AD-4675-BB77-4C63E9B5248D}.Debug|Any CPU.ActiveCfg = Debug|Any CPU
		{9064B33F-08AD-4675-BB77-4C63E9B5248D}.Debug|Any CPU.Build.0 = Debug|Any CPU
		{9064B33F-08AD-4675-BB77-4C63E9B5248D}.Debug|x64.ActiveCfg = Debug|Any CPU
		{9064B33F-08AD-4675-BB77-4C63E9B5248D}.Debug|x64.Build.0 = Debug|Any CPU
		{9064B33F-08AD-4675-BB77-4C63E9B5248D}.Debug|x86.ActiveCfg = Debug|Any CPU
		{9064B33F-08AD-4675-BB77-4C63E9B5248D}.Debug|x86.Build.0 = Debug|Any CPU
		{9064B33F-08AD-4675-BB77-4C63E9B5248D}.Release|Any CPU.ActiveCfg = Release|Any CPU
		{9064B33F-08AD-4675-BB77-4C63E9B5248D}.Release|Any CPU.Build.0 = Release|Any CPU
		{9064B33F-08AD-4675-BB77-4C63E9B5248D}.Release|x64.ActiveCfg = Release|Any CPU
		{9064B33F-08AD-4675-BB77-4C63E9B5248D}.Release|x64.Build.0 = Release|Any CPU
		{9064B33F-08AD-4675-BB77-4C63E9B5248D}.Release|x86.ActiveCfg = Release|Any CPU
		{9064B33F-08AD-4675-BB77-4C63E9B5248D}.Release|x86.Build.0 = Release|Any CPU
		{EC8CABD0-106D-4195-9BE2-69D615DCB861}.Debug|Any CPU.ActiveCfg = Debug|Any CPU
		{EC8CABD0-106D-4195-9BE2-69D615DCB861}.Debug|Any CPU.Build.0 = Debug|Any CPU
		{EC8CABD0-106D-4195-9BE2-69D615DCB861}.Debug|x64.ActiveCfg = Debug|Any CPU
		{EC8CABD0-106D-4195-9BE2-69D615DCB861}.Debug|x64.Build.0 = Debug|Any CPU
		{EC8CABD0-106D-4195-9BE2-69D615DCB861}.Debug|x86.ActiveCfg = Debug|Any CPU
		{EC8CABD0-106D-4195-9BE2-69D615DCB861}.Debug|x86.Build.0 = Debug|Any CPU
		{EC8CABD0-106D-4195-9BE2-69D615DCB861}.Release|Any CPU.ActiveCfg = Release|Any CPU
		{EC8CABD0-106D-4195-9BE2-69D615DCB861}.Release|Any CPU.Build.0 = Release|Any CPU
		{EC8CABD0-106D-4195-9BE2-69D615DCB861}.Release|x64.ActiveCfg = Release|Any CPU
		{EC8CABD0-106D-4195-9BE2-69D615DCB861}.Release|x64.Build.0 = Release|Any CPU
		{EC8CABD0-106D-4195-9BE2-69D615DCB861}.Release|x86.ActiveCfg = Release|Any CPU
		{EC8CABD0-106D-4195-9BE2-69D615DCB861}.Release|x86.Build.0 = Release|Any CPU
		{18124BA8-81AD-4F05-AC5C-A59ABAFE387C}.Debug|Any CPU.ActiveCfg = Debug|Any CPU
		{18124BA8-81AD-4F05-AC5C-A59ABAFE387C}.Debug|Any CPU.Build.0 = Debug|Any CPU
		{18124BA8-81AD-4F05-AC5C-A59ABAFE387C}.Debug|x64.ActiveCfg = Debug|Any CPU
		{18124BA8-81AD-4F05-AC5C-A59ABAFE387C}.Debug|x64.Build.0 = Debug|Any CPU
		{18124BA8-81AD-4F05-AC5C-A59ABAFE387C}.Debug|x86.ActiveCfg = Debug|Any CPU
		{18124BA8-81AD-4F05-AC5C-A59ABAFE387C}.Debug|x86.Build.0 = Debug|Any CPU
		{18124BA8-81AD-4F05-AC5C-A59ABAFE387C}.Release|Any CPU.ActiveCfg = Release|Any CPU
		{18124BA8-81AD-4F05-AC5C-A59ABAFE387C}.Release|Any CPU.Build.0 = Release|Any CPU
		{18124BA8-81AD-4F05-AC5C-A59ABAFE387C}.Release|x64.ActiveCfg = Release|Any CPU
		{18124BA8-81AD-4F05-AC5C-A59ABAFE387C}.Release|x64.Build.0 = Release|Any CPU
		{18124BA8-81AD-4F05-AC5C-A59ABAFE387C}.Release|x86.ActiveCfg = Release|Any CPU
		{18124BA8-81AD-4F05-AC5C-A59ABAFE387C}.Release|x86.Build.0 = Release|Any CPU
		{8E292D76-7EBB-471B-BFCA-693CF54F5242}.Debug|Any CPU.ActiveCfg = Debug|Any CPU
		{8E292D76-7EBB-471B-BFCA-693CF54F5242}.Debug|Any CPU.Build.0 = Debug|Any CPU
		{8E292D76-7EBB-471B-BFCA-693CF54F5242}.Debug|x64.ActiveCfg = Debug|Any CPU
		{8E292D76-7EBB-471B-BFCA-693CF54F5242}.Debug|x64.Build.0 = Debug|Any CPU
		{8E292D76-7EBB-471B-BFCA-693CF54F5242}.Debug|x86.ActiveCfg = Debug|Any CPU
		{8E292D76-7EBB-471B-BFCA-693CF54F5242}.Debug|x86.Build.0 = Debug|Any CPU
		{8E292D76-7EBB-471B-BFCA-693CF54F5242}.Release|Any CPU.ActiveCfg = Release|Any CPU
		{8E292D76-7EBB-471B-BFCA-693CF54F5242}.Release|Any CPU.Build.0 = Release|Any CPU
		{8E292D76-7EBB-471B-BFCA-693CF54F5242}.Release|x64.ActiveCfg = Release|Any CPU
		{8E292D76-7EBB-471B-BFCA-693CF54F5242}.Release|x64.Build.0 = Release|Any CPU
		{8E292D76-7EBB-471B-BFCA-693CF54F5242}.Release|x86.ActiveCfg = Release|Any CPU
		{8E292D76-7EBB-471B-BFCA-693CF54F5242}.Release|x86.Build.0 = Release|Any CPU
		{91DEB979-134B-486A-BA57-A269BBB99EDB}.Debug|Any CPU.ActiveCfg = Debug|Any CPU
		{91DEB979-134B-486A-BA57-A269BBB99EDB}.Debug|Any CPU.Build.0 = Debug|Any CPU
		{91DEB979-134B-486A-BA57-A269BBB99EDB}.Debug|x64.ActiveCfg = Debug|Any CPU
		{91DEB979-134B-486A-BA57-A269BBB99EDB}.Debug|x64.Build.0 = Debug|Any CPU
		{91DEB979-134B-486A-BA57-A269BBB99EDB}.Debug|x86.ActiveCfg = Debug|Any CPU
		{91DEB979-134B-486A-BA57-A269BBB99EDB}.Debug|x86.Build.0 = Debug|Any CPU
		{91DEB979-134B-486A-BA57-A269BBB99EDB}.Release|Any CPU.ActiveCfg = Release|Any CPU
		{91DEB979-134B-486A-BA57-A269BBB99EDB}.Release|Any CPU.Build.0 = Release|Any CPU
		{91DEB979-134B-486A-BA57-A269BBB99EDB}.Release|x64.ActiveCfg = Release|Any CPU
		{91DEB979-134B-486A-BA57-A269BBB99EDB}.Release|x64.Build.0 = Release|Any CPU
		{91DEB979-134B-486A-BA57-A269BBB99EDB}.Release|x86.ActiveCfg = Release|Any CPU
		{91DEB979-134B-486A-BA57-A269BBB99EDB}.Release|x86.Build.0 = Release|Any CPU
	EndGlobalSection
EndGlobal
